
Microsoft Visual Studio Solution File, Format Version 12.00
# Visual Studio Version 17
VisualStudioVersion = 17.4.33110.190
MinimumVisualStudioVersion = 10.0.40219.1
Project("{FAE04EC0-301F-11D3-BF4B-00C04F79EFBC}") = "Contribuente", "Contribuente\Contribuente.csproj", "{4870814C-71FC-4AAE-AEA4-C8E6874E941B}"
EndProject
Global
	GlobalSection(SolutionConfigurationPlatforms) = preSolution
		Debug|Any CPU = Debug|Any CPU
		Release|Any CPU = Release|Any CPU
	EndGlobalSection
	GlobalSection(ProjectConfigurationPlatforms) = postSolution
		{4870814C-71FC-4AAE-AEA4-C8E6874E941B}.Debug|Any CPU.ActiveCfg = Debug|Any CPU
		{4870814C-71FC-4AAE-AEA4-C8E6874E941B}.Debug|Any CPU.Build.0 = Debug|Any CPU
		{4870814C-71FC-4AAE-AEA4-C8E6874E941B}.Release|Any CPU.ActiveCfg = Release|Any CPU
		{4870814C-71FC-4AAE-AEA4-C8E6874E941B}.Release|Any CPU.Build.0 = Release|Any CPU
	EndGlobalSection
	GlobalSection(SolutionProperties) = preSolution
		HideSolutionNode = FALSE
	EndGlobalSection
	GlobalSection(ExtensibilityGlobals) = postSolution
		SolutionGuid = {0CFFD19C-AF4A-49F9-B04A-395929E99BC5}
	EndGlobalSection
EndGlobal
